
Microsoft Visual Studio Solution File, Format Version 12.00
# Visual Studio Version 16
VisualStudioVersion = 16.0.31515.178
MinimumVisualStudioVersion = 10.0.40219.1
Project("{8BC9CEB8-8B4A-11D0-8D11-00A0C91BC942}") = "Lab4", "Lab4.vcxproj", "{9026EB52-D30D-41CA-8501-EE8067AFCE0F}"
EndProject
Project("{8BC9CEB8-8B4A-11D0-8D11-00A0C91BC942}") = "Lab4.2", "..\Lab4.2\Lab4.2.vcxproj", "{BC540A4D-3A85-4198-BFB4-B148DAE1203B}"
EndProject
Project("{8BC9CEB8-8B4A-11D0-8D11-00A0C91BC942}") = "Lab4.3", "..\Lab4.3\Lab4.3.vcxproj", "{E5B5125C-79A9-4936-BBCF-9B2695480DC0}"
EndProject
Project("{8BC9CEB8-8B4A-11D0-8D11-00A0C91BC942}") = "Laba4.4", "..\Laba4.4\Laba4.4.vcxproj", "{E9C0B465-6A01-4C3C-A487-8F27FE11BD2E}"
EndProject
Project("{8BC9CEB8-8B4A-11D0-8D11-00A0C91BC942}") = "Lab4.5", "..\Lab4.5\Lab4.5.vcxproj", "{E5D1B59D-77C0-4405-93E3-322EA30B78D4}"
EndProject
Project("{8BC9CEB8-8B4A-11D0-8D11-00A0C91BC942}") = "Lab4.6", "..\Lab4.6\Lab4.6.vcxproj", "{ECA22D38-836C-4545-B02A-FDF3FE35C34E}"
EndProject
Project("{8BC9CEB8-8B4A-11D0-8D11-00A0C91BC942}") = "Lab4.7", "..\Lab4.7\Lab4.7.vcxproj", "{7F93EB13-852B-4D58-BA4E-7C248C54B50A}"
EndProject
Project("{8BC9CEB8-8B4A-11D0-8D11-00A0C91BC942}") = "Lab4.8", "..\Lab4.8\Lab4.8.vcxproj", "{52ACD09D-8076-4DA0-B603-2884DFEAE071}"
EndProject
Project("{8BC9CEB8-8B4A-11D0-8D11-00A0C91BC942}") = "Laba4.9", "..\Laba4.9\Laba4.9.vcxproj", "{980667C6-60D9-4552-AB52-1300F4446B53}"
EndProject
Project("{8BC9CEB8-8B4A-11D0-8D11-00A0C91BC942}") = "Lab4.10", "..\Lab4.10\Lab4.10.vcxproj", "{33114E95-3700-4C49-9613-899357B110C1}"
EndProject
Project("{8BC9CEB8-8B4A-11D0-8D11-00A0C91BC942}") = "Lab4.11", "..\Lab4.11\Lab4.11.vcxproj", "{7FBBA86D-4DED-4D12-BD50-8AC36C466BFF}"
EndProject
Project("{8BC9CEB8-8B4A-11D0-8D11-00A0C91BC942}") = "Lab4.12", "..\Lab4.12\Lab4.12.vcxproj", "{FB52BD86-1571-420E-8D85-3673EF2DA741}"
EndProject
Project("{8BC9CEB8-8B4A-11D0-8D11-00A0C91BC942}") = "Lab4.13", "..\Lab4.13\Lab4.13.vcxproj", "{ACFCAD41-2420-477A-88AD-EF3B4216CBB7}"
EndProject
Project("{8BC9CEB8-8B4A-11D0-8D11-00A0C91BC942}") = "Lab4.14", "..\Lab4.14\Lab4.14.vcxproj", "{E617164D-9FFC-4911-86D1-EFADA4BBDD81}"
EndProject
Project("{8BC9CEB8-8B4A-11D0-8D11-00A0C91BC942}") = "Lab4.15", "..\Lab4.15\Lab4.15.vcxproj", "{6B227520-99F0-4260-9763-134C59ABC1B5}"
EndProject
Global
	GlobalSection(SolutionConfigurationPlatforms) = preSolution
		Debug|x64 = Debug|x64
		Debug|x86 = Debug|x86
		Release|x64 = Release|x64
		Release|x86 = Release|x86
	EndGlobalSection
	GlobalSection(ProjectConfigurationPlatforms) = postSolution
		{9026EB52-D30D-41CA-8501-EE8067AFCE0F}.Debug|x64.ActiveCfg = Debug|x64
		{9026EB52-D30D-41CA-8501-EE8067AFCE0F}.Debug|x64.Build.0 = Debug|x64
		{9026EB52-D30D-41CA-8501-EE8067AFCE0F}.Debug|x86.ActiveCfg = Debug|Win32
		{9026EB52-D30D-41CA-8501-EE8067AFCE0F}.Debug|x86.Build.0 = Debug|Win32
		{9026EB52-D30D-41CA-8501-EE8067AFCE0F}.Release|x64.ActiveCfg = Release|x64
		{9026EB52-D30D-41CA-8501-EE8067AFCE0F}.Release|x64.Build.0 = Release|x64
		{9026EB52-D30D-41CA-8501-EE8067AFCE0F}.Release|x86.ActiveCfg = Release|Win32
		{9026EB52-D30D-41CA-8501-EE8067AFCE0F}.Release|x86.Build.0 = Release|Win32
		{BC540A4D-3A85-4198-BFB4-B148DAE1203B}.Debug|x64.ActiveCfg = Debug|x64
		{BC540A4D-3A85-4198-BFB4-B148DAE1203B}.Debug|x64.Build.0 = Debug|x64
		{BC540A4D-3A85-4198-BFB4-B148DAE1203B}.Debug|x86.ActiveCfg = Debug|Win32
		{BC540A4D-3A85-4198-BFB4-B148DAE1203B}.Debug|x86.Build.0 = Debug|Win32
		{BC540A4D-3A85-4198-BFB4-B148DAE1203B}.Release|x64.ActiveCfg = Release|x64
		{BC540A4D-3A85-4198-BFB4-B148DAE1203B}.Release|x64.Build.0 = Release|x64
		{BC540A4D-3A85-4198-BFB4-B148DAE1203B}.Release|x86.ActiveCfg = Release|Win32
		{BC540A4D-3A85-4198-BFB4-B148DAE1203B}.Release|x86.Build.0 = Release|Win32
		{E5B5125C-79A9-4936-BBCF-9B2695480DC0}.Debug|x64.ActiveCfg = Debug|x64
		{E5B5125C-79A9-4936-BBCF-9B2695480DC0}.Debug|x64.Build.0 = Debug|x64
		{E5B5125C-79A9-4936-BBCF-9B2695480DC0}.Debug|x86.ActiveCfg = Debug|Win32
		{E5B5125C-79A9-4936-BBCF-9B2695480DC0}.Debug|x86.Build.0 = Debug|Win32
		{E5B5125C-79A9-4936-BBCF-9B2695480DC0}.Release|x64.ActiveCfg = Release|x64
		{E5B5125C-79A9-4936-BBCF-9B2695480DC0}.Release|x64.Build.0 = Release|x64
		{E5B5125C-79A9-4936-BBCF-9B2695480DC0}.Release|x86.ActiveCfg = Release|Win32
		{E5B5125C-79A9-4936-BBCF-9B2695480DC0}.Release|x86.Build.0 = Release|Win32
		{E9C0B465-6A01-4C3C-A487-8F27FE11BD2E}.Debug|x64.ActiveCfg = Debug|x64
		{E9C0B465-6A01-4C3C-A487-8F27FE11BD2E}.Debug|x64.Build.0 = Debug|x64
		{E9C0B465-6A01-4C3C-A487-8F27FE11BD2E}.Debug|x86.ActiveCfg = Debug|Win32
		{E9C0B465-6A01-4C3C-A487-8F27FE11BD2E}.Debug|x86.Build.0 = Debug|Win32
		{E9C0B465-6A01-4C3C-A487-8F27FE11BD2E}.Release|x64.ActiveCfg = Release|x64
		{E9C0B465-6A01-4C3C-A487-8F27FE11BD2E}.Release|x64.Build.0 = Release|x64
		{E9C0B465-6A01-4C3C-A487-8F27FE11BD2E}.Release|x86.ActiveCfg = Release|Win32
		{E9C0B465-6A01-4C3C-A487-8F27FE11BD2E}.Release|x86.Build.0 = Release|Win32
		{E5D1B59D-77C0-4405-93E3-322EA30B78D4}.Debug|x64.ActiveCfg = Debug|x64
		{E5D1B59D-77C0-4405-93E3-322EA30B78D4}.Debug|x64.Build.0 = Debug|x64
		{E5D1B59D-77C0-4405-93E3-322EA30B78D4}.Debug|x86.ActiveCfg = Debug|Win32
		{E5D1B59D-77C0-4405-93E3-322EA30B78D4}.Debug|x86.Build.0 = Debug|Win32
		{E5D1B59D-77C0-4405-93E3-322EA30B78D4}.Release|x64.ActiveCfg = Release|x64
		{E5D1B59D-77C0-4405-93E3-322EA30B78D4}.Release|x64.Build.0 = Release|x64
		{E5D1B59D-77C0-4405-93E3-322EA30B78D4}.Release|x86.ActiveCfg = Release|Win32
		{E5D1B59D-77C0-4405-93E3-322EA30B78D4}.Release|x86.Build.0 = Release|Win32
		{ECA22D38-836C-4545-B02A-FDF3FE35C34E}.Debug|x64.ActiveCfg = Debug|x64
		{ECA22D38-836C-4545-B02A-FDF3FE35C34E}.Debug|x64.Build.0 = Debug|x64
		{ECA22D38-836C-4545-B02A-FDF3FE35C34E}.Debug|x86.ActiveCfg = Debug|Win32
		{ECA22D38-836C-4545-B02A-FDF3FE35C34E}.Debug|x86.Build.0 = Debug|Win32
		{ECA22D38-836C-4545-B02A-FDF3FE35C34E}.Release|x64.ActiveCfg = Release|x64
		{ECA22D38-836C-4545-B02A-FDF3FE35C34E}.Release|x64.Build.0 = Release|x64
		{ECA22D38-836C-4545-B02A-FDF3FE35C34E}.Release|x86.ActiveCfg = Release|Win32
		{ECA22D38-836C-4545-B02A-FDF3FE35C34E}.Release|x86.Build.0 = Release|Win32
		{7F93EB13-852B-4D58-BA4E-7C248C54B50A}.Debug|x64.ActiveCfg = Debug|x64
		{7F93EB13-852B-4D58-BA4E-7C248C54B50A}.Debug|x64.Build.0 = Debug|x64
		{7F93EB13-852B-4D58-BA4E-7C248C54B50A}.Debug|x86.ActiveCfg = Debug|Win32
		{7F93EB13-852B-4D58-BA4E-7C248C54B50A}.Debug|x86.Build.0 = Debug|Win32
		{7F93EB13-852B-4D58-BA4E-7C248C54B50A}.Release|x64.ActiveCfg = Release|x64
		{7F93EB13-852B-4D58-BA4E-7C248C54B50A}.Release|x64.Build.0 = Release|x64
		{7F93EB13-852B-4D58-BA4E-7C248C54B50A}.Release|x86.ActiveCfg = Release|Win32
		{7F93EB13-852B-4D58-BA4E-7C248C54B50A}.Release|x86.Build.0 = Release|Win32
		{52ACD09D-8076-4DA0-B603-2884DFEAE071}.Debug|x64.ActiveCfg = Debug|x64
		{52ACD09D-8076-4DA0-B603-2884DFEAE071}.Debug|x64.Build.0 = Debug|x64
		{52ACD09D-8076-4DA0-B603-2884DFEAE071}.Debug|x86.ActiveCfg = Debug|Win32
		{52ACD09D-8076-4DA0-B603-2884DFEAE071}.Debug|x86.Build.0 = Debug|Win32
		{52ACD09D-8076-4DA0-B603-2884DFEAE071}.Release|x64.ActiveCfg = Release|x64
		{52ACD09D-8076-4DA0-B603-2884DFEAE071}.Release|x64.Build.0 = Release|x64
		{52ACD09D-8076-4DA0-B603-2884DFEAE071}.Release|x86.ActiveCfg = Release|Win32
		{52ACD09D-8076-4DA0-B603-2884DFEAE071}.Release|x86.Build.0 = Release|Win32
		{980667C6-60D9-4552-AB52-1300F4446B53}.Debug|x64.ActiveCfg = Debug|x64
		{980667C6-60D9-4552-AB52-1300F4446B53}.Debug|x64.Build.0 = Debug|x64
		{980667C6-60D9-4552-AB52-1300F4446B53}.Debug|x86.ActiveCfg = Debug|Win32
		{980667C6-60D9-4552-AB52-1300F4446B53}.Debug|x86.Build.0 = Debug|Win32
		{980667C6-60D9-4552-AB52-1300F4446B53}.Release|x64.ActiveCfg = Release|x64
		{980667C6-60D9-4552-AB52-1300F4446B53}.Release|x64.Build.0 = Release|x64
		{980667C6-60D9-4552-AB52-1300F4446B53}.Release|x86.ActiveCfg = Release|Win32
		{980667C6-60D9-4552-AB52-1300F4446B53}.Release|x86.Build.0 = Release|Win32
		{33114E95-3700-4C49-9613-899357B110C1}.Debug|x64.ActiveCfg = Debug|x64
		{33114E95-3700-4C49-9613-899357B110C1}.Debug|x64.Build.0 = Debug|x64
		{33114E95-3700-4C49-9613-899357B110C1}.Debug|x86.ActiveCfg = Debug|Win32
		{33114E95-3700-4C49-9613-899357B110C1}.Debug|x86.Build.0 = Debug|Win32
		{33114E95-3700-4C49-9613-899357B110C1}.Release|x64.ActiveCfg = Release|x64
		{33114E95-3700-4C49-9613-899357B110C1}.Release|x64.Build.0 = Release|x64
		{33114E95-3700-4C49-9613-899357B110C1}.Release|x86.ActiveCfg = Release|Win32
		{33114E95-3700-4C49-9613-899357B110C1}.Release|x86.Build.0 = Release|Win32
		{7FBBA86D-4DED-4D12-BD50-8AC36C466BFF}.Debug|x64.ActiveCfg = Debug|x64
		{7FBBA86D-4DED-4D12-BD50-8AC36C466BFF}.Debug|x64.Build.0 = Debug|x64
		{7FBBA86D-4DED-4D12-BD50-8AC36C466BFF}.Debug|x86.ActiveCfg = Debug|Win32
		{7FBBA86D-4DED-4D12-BD50-8AC36C466BFF}.Debug|x86.Build.0 = Debug|Win32
		{7FBBA86D-4DED-4D12-BD50-8AC36C466BFF}.Release|x64.ActiveCfg = Release|x64
		{7FBBA86D-4DED-4D12-BD50-8AC36C466BFF}.Release|x64.Build.0 = Release|x64
		{7FBBA86D-4DED-4D12-BD50-8AC36C466BFF}.Release|x86.ActiveCfg = Release|Win32
		{7FBBA86D-4DED-4D12-BD50-8AC36C466BFF}.Release|x86.Build.0 = Release|Win32
		{FB52BD86-1571-420E-8D85-3673EF2DA741}.Debug|x64.ActiveCfg = Debug|x64
		{FB52BD86-1571-420E-8D85-3673EF2DA741}.Debug|x64.Build.0 = Debug|x64
		{FB52BD86-1571-420E-8D85-3673EF2DA741}.Debug|x86.ActiveCfg = Debug|Win32
		{FB52BD86-1571-420E-8D85-3673EF2DA741}.Debug|x86.Build.0 = Debug|Win32
		{FB52BD86-1571-420E-8D85-3673EF2DA741}.Release|x64.ActiveCfg = Release|x64
		{FB52BD86-1571-420E-8D85-3673EF2DA741}.Release|x64.Build.0 = Release|x64
		{FB52BD86-1571-420E-8D85-3673EF2DA741}.Release|x86.ActiveCfg = Release|Win32
		{FB52BD86-1571-420E-8D85-3673EF2DA741}.Release|x86.Build.0 = Release|Win32
		{ACFCAD41-2420-477A-88AD-EF3B4216CBB7}.Debug|x64.ActiveCfg = Debug|x64
		{ACFCAD41-2420-477A-88AD-EF3B4216CBB7}.Debug|x64.Build.0 = Debug|x64
		{ACFCAD41-2420-477A-88AD-EF3B4216CBB7}.Debug|x86.ActiveCfg = Debug|Win32
		{ACFCAD41-2420-477A-88AD-EF3B4216CBB7}.Debug|x86.Build.0 = Debug|Win32
		{ACFCAD41-2420-477A-88AD-EF3B4216CBB7}.Release|x64.ActiveCfg = Release|x64
		{ACFCAD41-2420-477A-88AD-EF3B4216CBB7}.Release|x64.Build.0 = Release|x64
		{ACFCAD41-2420-477A-88AD-EF3B4216CBB7}.Release|x86.ActiveCfg = Release|Win32
		{ACFCAD41-2420-477A-88AD-EF3B4216CBB7}.Release|x86.Build.0 = Release|Win32
		{E617164D-9FFC-4911-86D1-EFADA4BBDD81}.Debug|x64.ActiveCfg = Debug|x64
		{E617164D-9FFC-4911-86D1-EFADA4BBDD81}.Debug|x64.Build.0 = Debug|x64
		{E617164D-9FFC-4911-86D1-EFADA4BBDD81}.Debug|x86.ActiveCfg = Debug|Win32
		{E617164D-9FFC-4911-86D1-EFADA4BBDD81}.Debug|x86.Build.0 = Debug|Win32
		{E617164D-9FFC-4911-86D1-EFADA4BBDD81}.Release|x64.ActiveCfg = Release|x64
		{E617164D-9FFC-4911-86D1-EFADA4BBDD81}.Release|x64.Build.0 = Release|x64
		{E617164D-9FFC-4911-86D1-EFADA4BBDD81}.Release|x86.ActiveCfg = Release|Win32
		{E617164D-9FFC-4911-86D1-EFADA4BBDD81}.Release|x86.Build.0 = Release|Win32
		{6B227520-99F0-4260-9763-134C59ABC1B5}.Debug|x64.ActiveCfg = Debug|x64
		{6B227520-99F0-4260-9763-134C59ABC1B5}.Debug|x64.Build.0 = Debug|x64
		{6B227520-99F0-4260-9763-134C59ABC1B5}.Debug|x86.ActiveCfg = Debug|Win32
		{6B227520-99F0-4260-9763-134C59ABC1B5}.Debug|x86.Build.0 = Debug|Win32
		{6B227520-99F0-4260-9763-134C59ABC1B5}.Release|x64.ActiveCfg = Release|x64
		{6B227520-99F0-4260-9763-134C59ABC1B5}.Release|x64.Build.0 = Release|x64
		{6B227520-99F0-4260-9763-134C59ABC1B5}.Release|x86.ActiveCfg = Release|Win32
		{6B227520-99F0-4260-9763-134C59ABC1B5}.Release|x86.Build.0 = Release|Win32
	EndGlobalSection
	GlobalSection(SolutionProperties) = preSolution
		HideSolutionNode = FALSE
	EndGlobalSection
	GlobalSection(ExtensibilityGlobals) = postSolution
		SolutionGuid = {1FF3E9F7-7660-4E2A-AC7D-A17AA0C7278E}
	EndGlobalSection
EndGlobal
