
Microsoft Visual Studio Solution File, Format Version 12.00
# Visual Studio Version 16
VisualStudioVersion = 16.0.31515.178
MinimumVisualStudioVersion = 10.0.40219.1
Project("{8BC9CEB8-8B4A-11D0-8D11-00A0C91BC942}") = "Laba7", "Laba7\Laba7.vcxproj", "{637465CC-4583-4BF5-821C-794B7A2F1501}"
EndProject
Project("{8BC9CEB8-8B4A-11D0-8D11-00A0C91BC942}") = "Laba7(without array)", "Laba7(without array)\Laba7(without array).vcxproj", "{A914D570-65B9-49E3-B415-0C4BD30AD3B9}"
EndProject
Project("{8BC9CEB8-8B4A-11D0-8D11-00A0C91BC942}") = "Laba7.2", "Laba7.2\Laba7.2.vcxproj", "{24CE92E0-9370-4D90-99FA-C2655DA08273}"
EndProject
Project("{8BC9CEB8-8B4A-11D0-8D11-00A0C91BC942}") = "Laba7.3", "Laba7.3\Laba7.3.vcxproj", "{0B2CAAC4-E78B-4B5F-8078-D77EC8ED1C0D}"
EndProject
Project("{8BC9CEB8-8B4A-11D0-8D11-00A0C91BC942}") = "MyFuckingString", "MyFuckingString\MyFuckingString.vcxproj", "{C43BDED0-93F7-4ABE-9592-3D610C3F7433}"
EndProject
Project("{8BC9CEB8-8B4A-11D0-8D11-00A0C91BC942}") = "Laba7.4", "Laba7.4\Laba7.4.vcxproj", "{22FFF050-C41F-4BF6-8473-A3DCFECD7D25}"
EndProject
Project("{8BC9CEB8-8B4A-11D0-8D11-00A0C91BC942}") = "Laba7.5", "Laba7.5\Laba7.5.vcxproj", "{4A5F6627-E88E-490D-82C3-76F5F4485521}"
EndProject
Project("{8BC9CEB8-8B4A-11D0-8D11-00A0C91BC942}") = "Laba7.6", "Laba7.6\Laba7.6.vcxproj", "{2DB1D30A-183C-4213-859B-9D330A07FB13}"
EndProject
Project("{8BC9CEB8-8B4A-11D0-8D11-00A0C91BC942}") = "Laba7.7", "Laba7.7\Laba7.7.vcxproj", "{CCDBA75F-E084-4A49-8897-8A3B58FF34A2}"
EndProject
Project("{8BC9CEB8-8B4A-11D0-8D11-00A0C91BC942}") = "Laba7.8", "Laba7.8\Laba7.8.vcxproj", "{8621C183-64E7-48B0-9E17-AE29961649E7}"
EndProject
Project("{8BC9CEB8-8B4A-11D0-8D11-00A0C91BC942}") = "Laba7.10", "Laba7.10\Laba7.10.vcxproj", "{CDE6DDB8-25EC-4F58-89D5-3E21802C8473}"
EndProject
Project("{8BC9CEB8-8B4A-11D0-8D11-00A0C91BC942}") = "Laba7.9", "Laba7.9\Laba7.9.vcxproj", "{D6BCF76A-8D13-4D13-BFD3-A9AC4F89D5A6}"
EndProject
Project("{8BC9CEB8-8B4A-11D0-8D11-00A0C91BC942}") = "Tests", "Tests\Tests.vcxproj", "{52CE633B-D2F4-4DA3-8E80-23A1A3AD170E}"
EndProject
Global
	GlobalSection(SolutionConfigurationPlatforms) = preSolution
		Debug|x64 = Debug|x64
		Debug|x86 = Debug|x86
		Release|x64 = Release|x64
		Release|x86 = Release|x86
	EndGlobalSection
	GlobalSection(ProjectConfigurationPlatforms) = postSolution
		{637465CC-4583-4BF5-821C-794B7A2F1501}.Debug|x64.ActiveCfg = Debug|x64
		{637465CC-4583-4BF5-821C-794B7A2F1501}.Debug|x64.Build.0 = Debug|x64
		{637465CC-4583-4BF5-821C-794B7A2F1501}.Debug|x86.ActiveCfg = Debug|Win32
		{637465CC-4583-4BF5-821C-794B7A2F1501}.Debug|x86.Build.0 = Debug|Win32
		{637465CC-4583-4BF5-821C-794B7A2F1501}.Release|x64.ActiveCfg = Release|x64
		{637465CC-4583-4BF5-821C-794B7A2F1501}.Release|x64.Build.0 = Release|x64
		{637465CC-4583-4BF5-821C-794B7A2F1501}.Release|x86.ActiveCfg = Release|Win32
		{637465CC-4583-4BF5-821C-794B7A2F1501}.Release|x86.Build.0 = Release|Win32
		{A914D570-65B9-49E3-B415-0C4BD30AD3B9}.Debug|x64.ActiveCfg = Debug|x64
		{A914D570-65B9-49E3-B415-0C4BD30AD3B9}.Debug|x64.Build.0 = Debug|x64
		{A914D570-65B9-49E3-B415-0C4BD30AD3B9}.Debug|x86.ActiveCfg = Debug|Win32
		{A914D570-65B9-49E3-B415-0C4BD30AD3B9}.Debug|x86.Build.0 = Debug|Win32
		{A914D570-65B9-49E3-B415-0C4BD30AD3B9}.Release|x64.ActiveCfg = Release|x64
		{A914D570-65B9-49E3-B415-0C4BD30AD3B9}.Release|x64.Build.0 = Release|x64
		{A914D570-65B9-49E3-B415-0C4BD30AD3B9}.Release|x86.ActiveCfg = Release|Win32
		{A914D570-65B9-49E3-B415-0C4BD30AD3B9}.Release|x86.Build.0 = Release|Win32
		{24CE92E0-9370-4D90-99FA-C2655DA08273}.Debug|x64.ActiveCfg = Debug|x64
		{24CE92E0-9370-4D90-99FA-C2655DA08273}.Debug|x64.Build.0 = Debug|x64
		{24CE92E0-9370-4D90-99FA-C2655DA08273}.Debug|x86.ActiveCfg = Debug|Win32
		{24CE92E0-9370-4D90-99FA-C2655DA08273}.Debug|x86.Build.0 = Debug|Win32
		{24CE92E0-9370-4D90-99FA-C2655DA08273}.Release|x64.ActiveCfg = Release|x64
		{24CE92E0-9370-4D90-99FA-C2655DA08273}.Release|x64.Build.0 = Release|x64
		{24CE92E0-9370-4D90-99FA-C2655DA08273}.Release|x86.ActiveCfg = Release|Win32
		{24CE92E0-9370-4D90-99FA-C2655DA08273}.Release|x86.Build.0 = Release|Win32
		{0B2CAAC4-E78B-4B5F-8078-D77EC8ED1C0D}.Debug|x64.ActiveCfg = Debug|x64
		{0B2CAAC4-E78B-4B5F-8078-D77EC8ED1C0D}.Debug|x64.Build.0 = Debug|x64
		{0B2CAAC4-E78B-4B5F-8078-D77EC8ED1C0D}.Debug|x86.ActiveCfg = Debug|Win32
		{0B2CAAC4-E78B-4B5F-8078-D77EC8ED1C0D}.Debug|x86.Build.0 = Debug|Win32
		{0B2CAAC4-E78B-4B5F-8078-D77EC8ED1C0D}.Release|x64.ActiveCfg = Release|x64
		{0B2CAAC4-E78B-4B5F-8078-D77EC8ED1C0D}.Release|x64.Build.0 = Release|x64
		{0B2CAAC4-E78B-4B5F-8078-D77EC8ED1C0D}.Release|x86.ActiveCfg = Release|Win32
		{0B2CAAC4-E78B-4B5F-8078-D77EC8ED1C0D}.Release|x86.Build.0 = Release|Win32
		{C43BDED0-93F7-4ABE-9592-3D610C3F7433}.Debug|x64.ActiveCfg = Debug|x64
		{C43BDED0-93F7-4ABE-9592-3D610C3F7433}.Debug|x64.Build.0 = Debug|x64
		{C43BDED0-93F7-4ABE-9592-3D610C3F7433}.Debug|x86.ActiveCfg = Debug|Win32
		{C43BDED0-93F7-4ABE-9592-3D610C3F7433}.Debug|x86.Build.0 = Debug|Win32
		{C43BDED0-93F7-4ABE-9592-3D610C3F7433}.Release|x64.ActiveCfg = Release|x64
		{C43BDED0-93F7-4ABE-9592-3D610C3F7433}.Release|x64.Build.0 = Release|x64
		{C43BDED0-93F7-4ABE-9592-3D610C3F7433}.Release|x86.ActiveCfg = Release|Win32
		{C43BDED0-93F7-4ABE-9592-3D610C3F7433}.Release|x86.Build.0 = Release|Win32
		{22FFF050-C41F-4BF6-8473-A3DCFECD7D25}.Debug|x64.ActiveCfg = Debug|x64
		{22FFF050-C41F-4BF6-8473-A3DCFECD7D25}.Debug|x64.Build.0 = Debug|x64
		{22FFF050-C41F-4BF6-8473-A3DCFECD7D25}.Debug|x86.ActiveCfg = Debug|Win32
		{22FFF050-C41F-4BF6-8473-A3DCFECD7D25}.Debug|x86.Build.0 = Debug|Win32
		{22FFF050-C41F-4BF6-8473-A3DCFECD7D25}.Release|x64.ActiveCfg = Release|x64
		{22FFF050-C41F-4BF6-8473-A3DCFECD7D25}.Release|x64.Build.0 = Release|x64
		{22FFF050-C41F-4BF6-8473-A3DCFECD7D25}.Release|x86.ActiveCfg = Release|Win32
		{22FFF050-C41F-4BF6-8473-A3DCFECD7D25}.Release|x86.Build.0 = Release|Win32
		{4A5F6627-E88E-490D-82C3-76F5F4485521}.Debug|x64.ActiveCfg = Debug|x64
		{4A5F6627-E88E-490D-82C3-76F5F4485521}.Debug|x64.Build.0 = Debug|x64
		{4A5F6627-E88E-490D-82C3-76F5F4485521}.Debug|x86.ActiveCfg = Debug|Win32
		{4A5F6627-E88E-490D-82C3-76F5F4485521}.Debug|x86.Build.0 = Debug|Win32
		{4A5F6627-E88E-490D-82C3-76F5F4485521}.Release|x64.ActiveCfg = Release|x64
		{4A5F6627-E88E-490D-82C3-76F5F4485521}.Release|x64.Build.0 = Release|x64
		{4A5F6627-E88E-490D-82C3-76F5F4485521}.Release|x86.ActiveCfg = Release|Win32
		{4A5F6627-E88E-490D-82C3-76F5F4485521}.Release|x86.Build.0 = Release|Win32
		{2DB1D30A-183C-4213-859B-9D330A07FB13}.Debug|x64.ActiveCfg = Debug|x64
		{2DB1D30A-183C-4213-859B-9D330A07FB13}.Debug|x64.Build.0 = Debug|x64
		{2DB1D30A-183C-4213-859B-9D330A07FB13}.Debug|x86.ActiveCfg = Debug|Win32
		{2DB1D30A-183C-4213-859B-9D330A07FB13}.Debug|x86.Build.0 = Debug|Win32
		{2DB1D30A-183C-4213-859B-9D330A07FB13}.Release|x64.ActiveCfg = Release|x64
		{2DB1D30A-183C-4213-859B-9D330A07FB13}.Release|x64.Build.0 = Release|x64
		{2DB1D30A-183C-4213-859B-9D330A07FB13}.Release|x86.ActiveCfg = Release|Win32
		{2DB1D30A-183C-4213-859B-9D330A07FB13}.Release|x86.Build.0 = Release|Win32
		{CCDBA75F-E084-4A49-8897-8A3B58FF34A2}.Debug|x64.ActiveCfg = Debug|x64
		{CCDBA75F-E084-4A49-8897-8A3B58FF34A2}.Debug|x64.Build.0 = Debug|x64
		{CCDBA75F-E084-4A49-8897-8A3B58FF34A2}.Debug|x86.ActiveCfg = Debug|Win32
		{CCDBA75F-E084-4A49-8897-8A3B58FF34A2}.Debug|x86.Build.0 = Debug|Win32
		{CCDBA75F-E084-4A49-8897-8A3B58FF34A2}.Release|x64.ActiveCfg = Release|x64
		{CCDBA75F-E084-4A49-8897-8A3B58FF34A2}.Release|x64.Build.0 = Release|x64
		{CCDBA75F-E084-4A49-8897-8A3B58FF34A2}.Release|x86.ActiveCfg = Release|Win32
		{CCDBA75F-E084-4A49-8897-8A3B58FF34A2}.Release|x86.Build.0 = Release|Win32
		{8621C183-64E7-48B0-9E17-AE29961649E7}.Debug|x64.ActiveCfg = Debug|x64
		{8621C183-64E7-48B0-9E17-AE29961649E7}.Debug|x64.Build.0 = Debug|x64
		{8621C183-64E7-48B0-9E17-AE29961649E7}.Debug|x86.ActiveCfg = Debug|Win32
		{8621C183-64E7-48B0-9E17-AE29961649E7}.Debug|x86.Build.0 = Debug|Win32
		{8621C183-64E7-48B0-9E17-AE29961649E7}.Release|x64.ActiveCfg = Release|x64
		{8621C183-64E7-48B0-9E17-AE29961649E7}.Release|x64.Build.0 = Release|x64
		{8621C183-64E7-48B0-9E17-AE29961649E7}.Release|x86.ActiveCfg = Release|Win32
		{8621C183-64E7-48B0-9E17-AE29961649E7}.Release|x86.Build.0 = Release|Win32
		{CDE6DDB8-25EC-4F58-89D5-3E21802C8473}.Debug|x64.ActiveCfg = Debug|x64
		{CDE6DDB8-25EC-4F58-89D5-3E21802C8473}.Debug|x64.Build.0 = Debug|x64
		{CDE6DDB8-25EC-4F58-89D5-3E21802C8473}.Debug|x86.ActiveCfg = Debug|Win32
		{CDE6DDB8-25EC-4F58-89D5-3E21802C8473}.Debug|x86.Build.0 = Debug|Win32
		{CDE6DDB8-25EC-4F58-89D5-3E21802C8473}.Release|x64.ActiveCfg = Release|x64
		{CDE6DDB8-25EC-4F58-89D5-3E21802C8473}.Release|x64.Build.0 = Release|x64
		{CDE6DDB8-25EC-4F58-89D5-3E21802C8473}.Release|x86.ActiveCfg = Release|Win32
		{CDE6DDB8-25EC-4F58-89D5-3E21802C8473}.Release|x86.Build.0 = Release|Win32
		{D6BCF76A-8D13-4D13-BFD3-A9AC4F89D5A6}.Debug|x64.ActiveCfg = Debug|x64
		{D6BCF76A-8D13-4D13-BFD3-A9AC4F89D5A6}.Debug|x64.Build.0 = Debug|x64
		{D6BCF76A-8D13-4D13-BFD3-A9AC4F89D5A6}.Debug|x86.ActiveCfg = Debug|Win32
		{D6BCF76A-8D13-4D13-BFD3-A9AC4F89D5A6}.Debug|x86.Build.0 = Debug|Win32
		{D6BCF76A-8D13-4D13-BFD3-A9AC4F89D5A6}.Release|x64.ActiveCfg = Release|x64
		{D6BCF76A-8D13-4D13-BFD3-A9AC4F89D5A6}.Release|x64.Build.0 = Release|x64
		{D6BCF76A-8D13-4D13-BFD3-A9AC4F89D5A6}.Release|x86.ActiveCfg = Release|Win32
		{D6BCF76A-8D13-4D13-BFD3-A9AC4F89D5A6}.Release|x86.Build.0 = Release|Win32
		{52CE633B-D2F4-4DA3-8E80-23A1A3AD170E}.Debug|x64.ActiveCfg = Debug|x64
		{52CE633B-D2F4-4DA3-8E80-23A1A3AD170E}.Debug|x64.Build.0 = Debug|x64
		{52CE633B-D2F4-4DA3-8E80-23A1A3AD170E}.Debug|x86.ActiveCfg = Debug|Win32
		{52CE633B-D2F4-4DA3-8E80-23A1A3AD170E}.Debug|x86.Build.0 = Debug|Win32
		{52CE633B-D2F4-4DA3-8E80-23A1A3AD170E}.Release|x64.ActiveCfg = Release|x64
		{52CE633B-D2F4-4DA3-8E80-23A1A3AD170E}.Release|x64.Build.0 = Release|x64
		{52CE633B-D2F4-4DA3-8E80-23A1A3AD170E}.Release|x86.ActiveCfg = Release|Win32
		{52CE633B-D2F4-4DA3-8E80-23A1A3AD170E}.Release|x86.Build.0 = Release|Win32
	EndGlobalSection
	GlobalSection(SolutionProperties) = preSolution
		HideSolutionNode = FALSE
	EndGlobalSection
	GlobalSection(ExtensibilityGlobals) = postSolution
		SolutionGuid = {3EAEA3F2-6BAB-44F8-9A3C-BFBF53EF1867}
	EndGlobalSection
EndGlobal
