
Microsoft Visual Studio Solution File, Format Version 12.00
# Visual Studio Version 16
VisualStudioVersion = 16.0.31515.178
MinimumVisualStudioVersion = 10.0.40219.1
Project("{8BC9CEB8-8B4A-11D0-8D11-00A0C91BC942}") = "Laba6", "Laba6\Laba6.vcxproj", "{0D860141-54F1-4D17-8905-CBF04AF233F3}"
EndProject
Project("{8BC9CEB8-8B4A-11D0-8D11-00A0C91BC942}") = "Laba6.2", "Laba6.2\Laba6.2.vcxproj", "{5FD152E6-6BA2-4B34-8B8E-CD8CFF77AF04}"
EndProject
Project("{8BC9CEB8-8B4A-11D0-8D11-00A0C91BC942}") = "Laba6.3", "Laba6.3\Laba6.3.vcxproj", "{4AD8D554-2B07-47D8-AA84-9FDD677D706E}"
EndProject
Project("{8BC9CEB8-8B4A-11D0-8D11-00A0C91BC942}") = "Laba6.4", "Laba6.4\Laba6.4.vcxproj", "{196DA679-2A8A-42B4-AA25-4B5F9F7832F1}"
EndProject
Project("{8BC9CEB8-8B4A-11D0-8D11-00A0C91BC942}") = "Laba6.5", "Laba6.5\Laba6.5.vcxproj", "{A0CBCD50-C54E-486F-86E2-571E90F7336A}"
EndProject
Project("{8BC9CEB8-8B4A-11D0-8D11-00A0C91BC942}") = "Laba6.6", "Laba6.6\Laba6.6.vcxproj", "{16DE6EEC-807C-4D3A-BF77-BC5C0A735E9E}"
EndProject
Project("{8BC9CEB8-8B4A-11D0-8D11-00A0C91BC942}") = "Laba6.7", "Laba6.7\Laba6.7.vcxproj", "{5D4CAAC8-A075-47B6-8AFB-E7AAD1FD5DA9}"
EndProject
Project("{8BC9CEB8-8B4A-11D0-8D11-00A0C91BC942}") = "Laba6.8", "Laba6.8\Laba6.8.vcxproj", "{C194173A-B084-4ED1-87D4-D4A909A488D6}"
EndProject
Project("{8BC9CEB8-8B4A-11D0-8D11-00A0C91BC942}") = "Laba6.9", "Laba6.9\Laba6.9.vcxproj", "{781F4602-FFCA-49C7-B6B3-36B7692A7443}"
EndProject
Project("{8BC9CEB8-8B4A-11D0-8D11-00A0C91BC942}") = "Tests", "Tests\Tests.vcxproj", "{D4DF7108-6C04-4D99-A231-24F579312DA6}"
EndProject
Global
	GlobalSection(SolutionConfigurationPlatforms) = preSolution
		Debug|x64 = Debug|x64
		Debug|x86 = Debug|x86
		Release|x64 = Release|x64
		Release|x86 = Release|x86
	EndGlobalSection
	GlobalSection(ProjectConfigurationPlatforms) = postSolution
		{0D860141-54F1-4D17-8905-CBF04AF233F3}.Debug|x64.ActiveCfg = Debug|x64
		{0D860141-54F1-4D17-8905-CBF04AF233F3}.Debug|x64.Build.0 = Debug|x64
		{0D860141-54F1-4D17-8905-CBF04AF233F3}.Debug|x86.ActiveCfg = Debug|Win32
		{0D860141-54F1-4D17-8905-CBF04AF233F3}.Debug|x86.Build.0 = Debug|Win32
		{0D860141-54F1-4D17-8905-CBF04AF233F3}.Release|x64.ActiveCfg = Release|x64
		{0D860141-54F1-4D17-8905-CBF04AF233F3}.Release|x64.Build.0 = Release|x64
		{0D860141-54F1-4D17-8905-CBF04AF233F3}.Release|x86.ActiveCfg = Release|Win32
		{0D860141-54F1-4D17-8905-CBF04AF233F3}.Release|x86.Build.0 = Release|Win32
		{5FD152E6-6BA2-4B34-8B8E-CD8CFF77AF04}.Debug|x64.ActiveCfg = Debug|x64
		{5FD152E6-6BA2-4B34-8B8E-CD8CFF77AF04}.Debug|x64.Build.0 = Debug|x64
		{5FD152E6-6BA2-4B34-8B8E-CD8CFF77AF04}.Debug|x86.ActiveCfg = Debug|Win32
		{5FD152E6-6BA2-4B34-8B8E-CD8CFF77AF04}.Debug|x86.Build.0 = Debug|Win32
		{5FD152E6-6BA2-4B34-8B8E-CD8CFF77AF04}.Release|x64.ActiveCfg = Release|x64
		{5FD152E6-6BA2-4B34-8B8E-CD8CFF77AF04}.Release|x64.Build.0 = Release|x64
		{5FD152E6-6BA2-4B34-8B8E-CD8CFF77AF04}.Release|x86.ActiveCfg = Release|Win32
		{5FD152E6-6BA2-4B34-8B8E-CD8CFF77AF04}.Release|x86.Build.0 = Release|Win32
		{4AD8D554-2B07-47D8-AA84-9FDD677D706E}.Debug|x64.ActiveCfg = Debug|x64
		{4AD8D554-2B07-47D8-AA84-9FDD677D706E}.Debug|x64.Build.0 = Debug|x64
		{4AD8D554-2B07-47D8-AA84-9FDD677D706E}.Debug|x86.ActiveCfg = Debug|Win32
		{4AD8D554-2B07-47D8-AA84-9FDD677D706E}.Debug|x86.Build.0 = Debug|Win32
		{4AD8D554-2B07-47D8-AA84-9FDD677D706E}.Release|x64.ActiveCfg = Release|x64
		{4AD8D554-2B07-47D8-AA84-9FDD677D706E}.Release|x64.Build.0 = Release|x64
		{4AD8D554-2B07-47D8-AA84-9FDD677D706E}.Release|x86.ActiveCfg = Release|Win32
		{4AD8D554-2B07-47D8-AA84-9FDD677D706E}.Release|x86.Build.0 = Release|Win32
		{196DA679-2A8A-42B4-AA25-4B5F9F7832F1}.Debug|x64.ActiveCfg = Debug|x64
		{196DA679-2A8A-42B4-AA25-4B5F9F7832F1}.Debug|x64.Build.0 = Debug|x64
		{196DA679-2A8A-42B4-AA25-4B5F9F7832F1}.Debug|x86.ActiveCfg = Debug|Win32
		{196DA679-2A8A-42B4-AA25-4B5F9F7832F1}.Debug|x86.Build.0 = Debug|Win32
		{196DA679-2A8A-42B4-AA25-4B5F9F7832F1}.Release|x64.ActiveCfg = Release|x64
		{196DA679-2A8A-42B4-AA25-4B5F9F7832F1}.Release|x64.Build.0 = Release|x64
		{196DA679-2A8A-42B4-AA25-4B5F9F7832F1}.Release|x86.ActiveCfg = Release|Win32
		{196DA679-2A8A-42B4-AA25-4B5F9F7832F1}.Release|x86.Build.0 = Release|Win32
		{A0CBCD50-C54E-486F-86E2-571E90F7336A}.Debug|x64.ActiveCfg = Debug|x64
		{A0CBCD50-C54E-486F-86E2-571E90F7336A}.Debug|x64.Build.0 = Debug|x64
		{A0CBCD50-C54E-486F-86E2-571E90F7336A}.Debug|x86.ActiveCfg = Debug|Win32
		{A0CBCD50-C54E-486F-86E2-571E90F7336A}.Debug|x86.Build.0 = Debug|Win32
		{A0CBCD50-C54E-486F-86E2-571E90F7336A}.Release|x64.ActiveCfg = Release|x64
		{A0CBCD50-C54E-486F-86E2-571E90F7336A}.Release|x64.Build.0 = Release|x64
		{A0CBCD50-C54E-486F-86E2-571E90F7336A}.Release|x86.ActiveCfg = Release|Win32
		{A0CBCD50-C54E-486F-86E2-571E90F7336A}.Release|x86.Build.0 = Release|Win32
		{16DE6EEC-807C-4D3A-BF77-BC5C0A735E9E}.Debug|x64.ActiveCfg = Debug|x64
		{16DE6EEC-807C-4D3A-BF77-BC5C0A735E9E}.Debug|x64.Build.0 = Debug|x64
		{16DE6EEC-807C-4D3A-BF77-BC5C0A735E9E}.Debug|x86.ActiveCfg = Debug|Win32
		{16DE6EEC-807C-4D3A-BF77-BC5C0A735E9E}.Debug|x86.Build.0 = Debug|Win32
		{16DE6EEC-807C-4D3A-BF77-BC5C0A735E9E}.Release|x64.ActiveCfg = Release|x64
		{16DE6EEC-807C-4D3A-BF77-BC5C0A735E9E}.Release|x64.Build.0 = Release|x64
		{16DE6EEC-807C-4D3A-BF77-BC5C0A735E9E}.Release|x86.ActiveCfg = Release|Win32
		{16DE6EEC-807C-4D3A-BF77-BC5C0A735E9E}.Release|x86.Build.0 = Release|Win32
		{5D4CAAC8-A075-47B6-8AFB-E7AAD1FD5DA9}.Debug|x64.ActiveCfg = Debug|x64
		{5D4CAAC8-A075-47B6-8AFB-E7AAD1FD5DA9}.Debug|x64.Build.0 = Debug|x64
		{5D4CAAC8-A075-47B6-8AFB-E7AAD1FD5DA9}.Debug|x86.ActiveCfg = Debug|Win32
		{5D4CAAC8-A075-47B6-8AFB-E7AAD1FD5DA9}.Debug|x86.Build.0 = Debug|Win32
		{5D4CAAC8-A075-47B6-8AFB-E7AAD1FD5DA9}.Release|x64.ActiveCfg = Release|x64
		{5D4CAAC8-A075-47B6-8AFB-E7AAD1FD5DA9}.Release|x64.Build.0 = Release|x64
		{5D4CAAC8-A075-47B6-8AFB-E7AAD1FD5DA9}.Release|x86.ActiveCfg = Release|Win32
		{5D4CAAC8-A075-47B6-8AFB-E7AAD1FD5DA9}.Release|x86.Build.0 = Release|Win32
		{C194173A-B084-4ED1-87D4-D4A909A488D6}.Debug|x64.ActiveCfg = Debug|x64
		{C194173A-B084-4ED1-87D4-D4A909A488D6}.Debug|x64.Build.0 = Debug|x64
		{C194173A-B084-4ED1-87D4-D4A909A488D6}.Debug|x86.ActiveCfg = Debug|Win32
		{C194173A-B084-4ED1-87D4-D4A909A488D6}.Debug|x86.Build.0 = Debug|Win32
		{C194173A-B084-4ED1-87D4-D4A909A488D6}.Release|x64.ActiveCfg = Release|x64
		{C194173A-B084-4ED1-87D4-D4A909A488D6}.Release|x64.Build.0 = Release|x64
		{C194173A-B084-4ED1-87D4-D4A909A488D6}.Release|x86.ActiveCfg = Release|Win32
		{C194173A-B084-4ED1-87D4-D4A909A488D6}.Release|x86.Build.0 = Release|Win32
		{781F4602-FFCA-49C7-B6B3-36B7692A7443}.Debug|x64.ActiveCfg = Debug|x64
		{781F4602-FFCA-49C7-B6B3-36B7692A7443}.Debug|x64.Build.0 = Debug|x64
		{781F4602-FFCA-49C7-B6B3-36B7692A7443}.Debug|x86.ActiveCfg = Debug|Win32
		{781F4602-FFCA-49C7-B6B3-36B7692A7443}.Debug|x86.Build.0 = Debug|Win32
		{781F4602-FFCA-49C7-B6B3-36B7692A7443}.Release|x64.ActiveCfg = Release|x64
		{781F4602-FFCA-49C7-B6B3-36B7692A7443}.Release|x64.Build.0 = Release|x64
		{781F4602-FFCA-49C7-B6B3-36B7692A7443}.Release|x86.ActiveCfg = Release|Win32
		{781F4602-FFCA-49C7-B6B3-36B7692A7443}.Release|x86.Build.0 = Release|Win32
		{D4DF7108-6C04-4D99-A231-24F579312DA6}.Debug|x64.ActiveCfg = Debug|x64
		{D4DF7108-6C04-4D99-A231-24F579312DA6}.Debug|x64.Build.0 = Debug|x64
		{D4DF7108-6C04-4D99-A231-24F579312DA6}.Debug|x86.ActiveCfg = Debug|Win32
		{D4DF7108-6C04-4D99-A231-24F579312DA6}.Debug|x86.Build.0 = Debug|Win32
		{D4DF7108-6C04-4D99-A231-24F579312DA6}.Release|x64.ActiveCfg = Release|x64
		{D4DF7108-6C04-4D99-A231-24F579312DA6}.Release|x64.Build.0 = Release|x64
		{D4DF7108-6C04-4D99-A231-24F579312DA6}.Release|x86.ActiveCfg = Release|Win32
		{D4DF7108-6C04-4D99-A231-24F579312DA6}.Release|x86.Build.0 = Release|Win32
	EndGlobalSection
	GlobalSection(SolutionProperties) = preSolution
		HideSolutionNode = FALSE
	EndGlobalSection
	GlobalSection(ExtensibilityGlobals) = postSolution
		SolutionGuid = {2FDE22B9-8F6D-456A-AE17-A6F6217575A2}
	EndGlobalSection
EndGlobal
